Microsoft Visual Studio Solution File, Format Version 11.00
# Visual Studio 2008

Project("{C49B62D1-F512-E022-B630-EAAB43850834}") = "turn based comabt", "Assembly-CSharp.csproj", "{D8060CD0-6EE8-B772-32E7-53517F56660D}"
EndProject
Global
	GlobalSection(SolutionConfigurationPlatforms) = preSolution
		Debug|Any CPU = Debug|Any CPU
		Release|Any CPU = Release|Any CPU
	EndGlobalSection
	GlobalSection(ProjectConfigurationPlatforms) = postSolution
		{D8060CD0-6EE8-B772-32E7-53517F56660D}.Debug|Any CPU.ActiveCfg = Debug|Any CPU
		{D8060CD0-6EE8-B772-32E7-53517F56660D}.Debug|Any CPU.Build.0 = Debug|Any CPU
		{D8060CD0-6EE8-B772-32E7-53517F56660D}.Release|Any CPU.ActiveCfg = Release|Any CPU
		{D8060CD0-6EE8-B772-32E7-53517F56660D}.Release|Any CPU.Build.0 = Release|Any CPU
	EndGlobalSection
	GlobalSection(SolutionProperties) = preSolution
		HideSolutionNode = FALSE
	EndGlobalSection
	GlobalSection(MonoDevelopProperties) = preSolution
		StartupItem = Assembly-CSharp.csproj
	EndGlobalSection
EndGlobal
